
Microsoft Visual Studio Solution File, Format Version 12.00
# Visual Studio Version 17
VisualStudioVersion = 17.1.32319.34
MinimumVisualStudioVersion = 10.0.40219.1
Project("{FAE04EC0-301F-11D3-BF4B-00C04F79EFBC}") = "EgguWare", "EgguWare.csproj", "{73B24352-5ABA-45C3-872B-B2C62B382638}"
EndProject
Global
	GlobalSection(SolutionConfigurationPlatforms) = preSolution
		Debug|Any CPU = Debug|Any CPU
		Release|Any CPU = Release|Any CPU
	EndGlobalSection
	GlobalSection(ProjectConfigurationPlatforms) = postSolution
		{73B24352-5ABA-45C3-872B-B2C62B382638}.Debug|Any CPU.ActiveCfg = Debug|Any CPU
		{73B24352-5ABA-45C3-872B-B2C62B382638}.Debug|Any CPU.Build.0 = Debug|Any CPU
		{73B24352-5ABA-45C3-872B-B2C62B382638}.Release|Any CPU.ActiveCfg = Release|Any CPU
		{73B24352-5ABA-45C3-872B-B2C62B382638}.Release|Any CPU.Build.0 = Release|Any CPU
	EndGlobalSection
	GlobalSection(SolutionProperties) = preSolution
		HideSolutionNode = FALSE
	EndGlobalSection
	GlobalSection(ExtensibilityGlobals) = postSolution
		SolutionGuid = {89F914B0-5D00-4684-BA75-95B8C476CB49}
	EndGlobalSection
EndGlobal
